
Microsoft Visual Studio Solution File, Format Version 12.00
# Visual Studio Version 17
VisualStudioVersion = 17.0.31903.59
MinimumVisualStudioVersion = 10.0.40219.1
Project("{FAE04EC0-301F-11D3-BF4B-00C04F79EFBC}") = "MaximusCli", "MaximusCli\MaximusCli.csproj", "{D3FC65E9-CD52-4A87-B635-4F2CA87334E0}"
EndProject
Project("{FAE04EC0-301F-11D3-BF4B-00C04F79EFBC}") = "MaximusCli.Core", "MaximusCli.Core\MaximusCli.Core.csproj", "{2FC0AAB3-F269-40F1-A084-7176D76A1AC7}"
EndProject
Project("{FAE04EC0-301F-11D3-BF4B-00C04F79EFBC}") = "MaximusCli.Infrastructure", "MaximusCli.Infrastructure\MaximusCli.Infrastructure.csproj", "{1DAA65E6-6F67-48D3-A8CF-4683C1E62CA1}"
EndProject
Global
	GlobalSection(SolutionConfigurationPlatforms) = preSolution
		Debug|Any CPU = Debug|Any CPU
		Debug|x64 = Debug|x64
		Debug|x86 = Debug|x86
		Release|Any CPU = Release|Any CPU
		Release|x64 = Release|x64
		Release|x86 = Release|x86
	EndGlobalSection
	GlobalSection(ProjectConfigurationPlatforms) = postSolution
		{D3FC65E9-CD52-4A87-B635-4F2CA87334E0}.Debug|Any CPU.ActiveCfg = Debug|Any CPU
		{D3FC65E9-CD52-4A87-B635-4F2CA87334E0}.Debug|Any CPU.Build.0 = Debug|Any CPU
		{D3FC65E9-CD52-4A87-B635-4F2CA87334E0}.Debug|x64.ActiveCfg = Debug|Any CPU
		{D3FC65E9-CD52-4A87-B635-4F2CA87334E0}.Debug|x64.Build.0 = Debug|Any CPU
		{D3FC65E9-CD52-4A87-B635-4F2CA87334E0}.Debug|x86.ActiveCfg = Debug|Any CPU
		{D3FC65E9-CD52-4A87-B635-4F2CA87334E0}.Debug|x86.Build.0 = Debug|Any CPU
		{D3FC65E9-CD52-4A87-B635-4F2CA87334E0}.Release|Any CPU.ActiveCfg = Release|Any CPU
		{D3FC65E9-CD52-4A87-B635-4F2CA87334E0}.Release|Any CPU.Build.0 = Release|Any CPU
		{D3FC65E9-CD52-4A87-B635-4F2CA87334E0}.Release|x64.ActiveCfg = Release|Any CPU
		{D3FC65E9-CD52-4A87-B635-4F2CA87334E0}.Release|x64.Build.0 = Release|Any CPU
		{D3FC65E9-CD52-4A87-B635-4F2CA87334E0}.Release|x86.ActiveCfg = Release|Any CPU
		{D3FC65E9-CD52-4A87-B635-4F2CA87334E0}.Release|x86.Build.0 = Release|Any CPU
		{2FC0AAB3-F269-40F1-A084-7176D76A1AC7}.Debug|Any CPU.ActiveCfg = Debug|Any CPU
		{2FC0AAB3-F269-40F1-A084-7176D76A1AC7}.Debug|Any CPU.Build.0 = Debug|Any CPU
		{2FC0AAB3-F269-40F1-A084-7176D76A1AC7}.Debug|x64.ActiveCfg = Debug|Any CPU
		{2FC0AAB3-F269-40F1-A084-7176D76A1AC7}.Debug|x64.Build.0 = Debug|Any CPU
		{2FC0AAB3-F269-40F1-A084-7176D76A1AC7}.Debug|x86.ActiveCfg = Debug|Any CPU
		{2FC0AAB3-F269-40F1-A084-7176D76A1AC7}.Debug|x86.Build.0 = Debug|Any CPU
		{2FC0AAB3-F269-40F1-A084-7176D76A1AC7}.Release|Any CPU.ActiveCfg = Release|Any CPU
		{2FC0AAB3-F269-40F1-A084-7176D76A1AC7}.Release|Any CPU.Build.0 = Release|Any CPU
		{2FC0AAB3-F269-40F1-A084-7176D76A1AC7}.Release|x64.ActiveCfg = Release|Any CPU
		{2FC0AAB3-F269-40F1-A084-7176D76A1AC7}.Release|x64.Build.0 = Release|Any CPU
		{2FC0AAB3-F269-40F1-A084-7176D76A1AC7}.Release|x86.ActiveCfg = Release|Any CPU
		{2FC0AAB3-F269-40F1-A084-7176D76A1AC7}.Release|x86.Build.0 = Release|Any CPU
		{1DAA65E6-6F67-48D3-A8CF-4683C1E62CA1}.Debug|Any CPU.ActiveCfg = Debug|Any CPU
		{1DAA65E6-6F67-48D3-A8CF-4683C1E62CA1}.Debug|Any CPU.Build.0 = Debug|Any CPU
		{1DAA65E6-6F67-48D3-A8CF-4683C1E62CA1}.Debug|x64.ActiveCfg = Debug|Any CPU
		{1DAA65E6-6F67-48D3-A8CF-4683C1E62CA1}.Debug|x64.Build.0 = Debug|Any CPU
		{1DAA65E6-6F67-48D3-A8CF-4683C1E62CA1}.Debug|x86.ActiveCfg = Debug|Any CPU
		{1DAA65E6-6F67-48D3-A8CF-4683C1E62CA1}.Debug|x86.Build.0 = Debug|Any CPU
		{1DAA65E6-6F67-48D3-A8CF-4683C1E62CA1}.Release|Any CPU.ActiveCfg = Release|Any CPU
		{1DAA65E6-6F67-48D3-A8CF-4683C1E62CA1}.Release|Any CPU.Build.0 = Release|Any CPU
		{1DAA65E6-6F67-48D3-A8CF-4683C1E62CA1}.Release|x64.ActiveCfg = Release|Any CPU
		{1DAA65E6-6F67-48D3-A8CF-4683C1E62CA1}.Release|x64.Build.0 = Release|Any CPU
		{1DAA65E6-6F67-48D3-A8CF-4683C1E62CA1}.Release|x86.ActiveCfg = Release|Any CPU
		{1DAA65E6-6F67-48D3-A8CF-4683C1E62CA1}.Release|x86.Build.0 = Release|Any CPU
	EndGlobalSection
	GlobalSection(SolutionProperties) = preSolution
		HideSolutionNode = FALSE
	EndGlobalSection
EndGlobal
